
Microsoft Visual Studio Solution File, Format Version 12.00
# Visual Studio Version 17
VisualStudioVersion = 17.11.35312.102
MinimumVisualStudioVersion = 10.0.40219.1
Project("{FAE04EC0-301F-11D3-BF4B-00C04F79EFBC}") = "WeatherApp", "WeatherApp\WeatherApp.csproj", "{00E228B8-358B-4958-85C1-DAD02A906F8D}"
EndProject
Global
	GlobalSection(SolutionConfigurationPlatforms) = preSolution
		Debug|Any CPU = Debug|Any CPU
		Release|Any CPU = Release|Any CPU
	EndGlobalSection
	GlobalSection(ProjectConfigurationPlatforms) = postSolution
		{00E228B8-358B-4958-85C1-DAD02A906F8D}.Debug|Any CPU.ActiveCfg = Debug|Any CPU
		{00E228B8-358B-4958-85C1-DAD02A906F8D}.Debug|Any CPU.Build.0 = Debug|Any CPU
		{00E228B8-358B-4958-85C1-DAD02A906F8D}.Release|Any CPU.ActiveCfg = Release|Any CPU
		{00E228B8-358B-4958-85C1-DAD02A906F8D}.Release|Any CPU.Build.0 = Release|Any CPU
	EndGlobalSection
	GlobalSection(SolutionProperties) = preSolution
		HideSolutionNode = FALSE
	EndGlobalSection
	GlobalSection(ExtensibilityGlobals) = postSolution
		SolutionGuid = {5F876E21-6648-42E1-9BE8-8267E78E3405}
	EndGlobalSection
EndGlobal
